// !$*UTF8*$!
{
	archiveVersion = 1;
	classes = {
	};
	objectVersion = 55;
	objects = {

/* Begin PBXBuildFile section */
		2734507427A5682B0071F32B /* TimestamperApp.swift in Sources */ = {isa = PBXBuildFile; fileRef = 2734507327A5682B0071F32B /* TimestamperApp.swift */; };
		2734507627A5682B0071F32B /* ContentView.swift in Sources */ = {isa = PBXBuildFile; fileRef = 2734507527A5682B0071F32B /* ContentView.swift */; };
		2734507827A5682C0071F32B /* Assets.xcassets in Resources */ = {isa = PBXBuildFile; fileRef = 2734507727A5682C0071F32B /* Assets.xcassets */; };
		2734507B27A5682C0071F32B /* Preview Assets.xcassets in Resources */ = {isa = PBXBuildFile; fileRef = 2734507A27A5682C0071F32B /* Preview Assets.xcassets */; };
		2734507D27A5682C0071F32B /* Persistence.swift in Sources */ = {isa = PBXBuildFile; fileRef = 2734507C27A5682C0071F32B /* Persistence.swift */; };
		2734508027A5682C0071F32B /* Timestamper.xcdatamodeld in Sources */ = {isa = PBXBuildFile; fileRef = 2734507E27A5682C0071F32B /* Timestamper.xcdatamodeld */; };
		2734509027A568B10071F32B /* EmptyView.swift in Sources */ = {isa = PBXBuildFile; fileRef = 2734508F27A568B10071F32B /* EmptyView.swift */; };
		2734509827A5F6880071F32B /* AppView.swift in Sources */ = {isa = PBXBuildFile; fileRef = 2734509727A5F6880071F32B /* AppView.swift */; };
		2734509A27A5F69C0071F32B /* ItemDetailView.swift in Sources */ = {isa = PBXBuildFile; fileRef = 2734509927A5F69C0071F32B /* ItemDetailView.swift */; };
		2734509D27A6A7FC0071F32B /* StopwatchManager.swift in Sources */ = {isa = PBXBuildFile; fileRef = 2734509C27A6A7FC0071F32B /* StopwatchManager.swift */; };
		2734509F27A6B0B40071F32B /* Functions.swift in Sources */ = {isa = PBXBuildFile; fileRef = 2734509E27A6B0B40071F32B /* Functions.swift */; };
/* End PBXBuildFile section */

/* Begin PBXFileReference section */
		2734507027A5682B0071F32B /* Timestamper.app */ = {isa = PBXFileReference; explicitFileType = wrapper.application; includeInIndex = 0; path = Timestamper.app; sourceTree = BUILT_PRODUCTS_DIR; };
		2734507327A5682B0071F32B /* TimestamperApp.swift */ = {isa = PBXFileReference; lastKnownFileType = sourcecode.swift; path = TimestamperApp.swift; sourceTree = "<group>"; };
		2734507527A5682B0071F32B /* ContentView.swift */ = {isa = PBXFileReference; lastKnownFileType = sourcecode.swift; path = ContentView.swift; sourceTree = "<group>"; };
		2734507727A5682C0071F32B /* Assets.xcassets */ = {isa = PBXFileReference; lastKnownFileType = folder.assetcatalog; path = Assets.xcassets; sourceTree = "<group>"; };
		2734507A27A5682C0071F32B /* Preview Assets.xcassets */ = {isa = PBXFileReference; lastKnownFileType = folder.assetcatalog; path = "Preview Assets.xcassets"; sourceTree = "<group>"; };
		2734507C27A5682C0071F32B /* Persistence.swift */ = {isa = PBXFileReference; lastKnownFileType = sourcecode.swift; path = Persistence.swift; sourceTree = "<group>"; };
		2734507F27A5682C0071F32B /* Timestamper.xcdatamodel */ = {isa = PBXFileReference; lastKnownFileType = wrapper.xcdatamodel; path = Timestamper.xcdatamodel; sourceTree = "<group>"; };
		2734508127A5682C0071F32B /* Timestamper.entitlements */ = {isa = PBXFileReference; lastKnownFileType = text.plist.entitlements; path = Timestamper.entitlements; sourceTree = "<group>"; };
		2734508F27A568B10071F32B /* EmptyView.swift */ = {isa = PBXFileReference; lastKnownFileType = sourcecode.swift; path = EmptyView.swift; sourceTree = "<group>"; };
		2734509727A5F6880071F32B /* AppView.swift */ = {isa = PBXFileReference; lastKnownFileType = sourcecode.swift; path = AppView.swift; sourceTree = "<group>"; };
		2734509927A5F69C0071F32B /* ItemDetailView.swift */ = {isa = PBXFileReference; lastKnownFileType = sourcecode.swift; path = ItemDetailView.swift; sourceTree = "<group>"; };
		2734509C27A6A7FC0071F32B /* StopwatchManager.swift */ = {isa = PBXFileReference; lastKnownFileType = sourcecode.swift; path = StopwatchManager.swift; sourceTree = "<group>"; };
		2734509E27A6B0B40071F32B /* Functions.swift */ = {isa = PBXFileReference; lastKnownFileType = sourcecode.swift; path = Functions.swift; sourceTree = "<group>"; };
/* End PBXFileReference section */

/* Begin PBXFrameworksBuildPhase section */
		2734506D27A5682B0071F32B /* Frameworks */ = {
			isa = PBXFrameworksBuildPhase;
			buildActionMask = 2147483647;
			files = (
			);
			runOnlyForDeploymentPostprocessing = 0;
		};
/* End PBXFrameworksBuildPhase section */

/* Begin PBXGroup section */
		2734506727A5682A0071F32B = {
			isa = PBXGroup;
			children = (
				2734507227A5682B0071F32B /* Timestamper */,
				2734507127A5682B0071F32B /* Products */,
			);
			sourceTree = "<group>";
		};
		2734507127A5682B0071F32B /* Products */ = {
			isa = PBXGroup;
			children = (
				2734507027A5682B0071F32B /* Timestamper.app */,
			);
			name = Products;
			sourceTree = "<group>";
		};
		2734507227A5682B0071F32B /* Timestamper */ = {
			isa = PBXGroup;
			children = (
				2734507327A5682B0071F32B /* TimestamperApp.swift */,
				2734507527A5682B0071F32B /* ContentView.swift */,
				2734508727A568340071F32B /* Views */,
				2734509B27A6A7EB0071F32B /* Utlity */,
				2734507727A5682C0071F32B /* Assets.xcassets */,
				2734507C27A5682C0071F32B /* Persistence.swift */,
				2734508127A5682C0071F32B /* Timestamper.entitlements */,
				2734507E27A5682C0071F32B /* Timestamper.xcdatamodeld */,
				2734507927A5682C0071F32B /* Preview Content */,
			);
			path = Timestamper;
			sourceTree = "<group>";
		};
		2734507927A5682C0071F32B /* Preview Content */ = {
			isa = PBXGroup;
			children = (
				2734507A27A5682C0071F32B /* Preview Assets.xcassets */,
			);
			path = "Preview Content";
			sourceTree = "<group>";
		};
		2734508727A568340071F32B /* Views */ = {
			isa = PBXGroup;
			children = (
				2734509727A5F6880071F32B /* AppView.swift */,
				2734509927A5F69C0071F32B /* ItemDetailView.swift */,
				2734508F27A568B10071F32B /* EmptyView.swift */,
			);
			path = Views;
			sourceTree = "<group>";
		};
		2734509B27A6A7EB0071F32B /* Utlity */ = {
			isa = PBXGroup;
			children = (
				2734509C27A6A7FC0071F32B /* StopwatchManager.swift */,
				2734509E27A6B0B40071F32B /* Functions.swift */,
			);
			path = Utlity;
			sourceTree = "<group>";
		};
/* End PBXGroup section */

/* Begin PBXNativeTarget section */
		2734506F27A5682B0071F32B /* Timestamper */ = {
			isa = PBXNativeTarget;
			buildConfigurationList = 2734508427A5682C0071F32B /* Build configuration list for PBXNativeTarget "Timestamper" */;
			buildPhases = (
				2734506C27A5682B0071F32B /* Sources */,
				2734506D27A5682B0071F32B /* Frameworks */,
				2734506E27A5682B0071F32B /* Resources */,
			);
			buildRules = (
			);
			dependencies = (
			);
			name = Timestamper;
			productName = Timestamper;
			productReference = 2734507027A5682B0071F32B /* Timestamper.app */;
			productType = "com.apple.product-type.application";
		};
/* End PBXNativeTarget section */

/* Begin PBXProject section */
		2734506827A5682A0071F32B /* Project object */ = {
			isa = PBXProject;
			attributes = {
				BuildIndependentTargetsInParallel = 1;
				LastSwiftUpdateCheck = 1320;
				LastUpgradeCheck = 1320;
				TargetAttributes = {
					2734506F27A5682B0071F32B = {
						CreatedOnToolsVersion = 13.2.1;
					};
				};
			};
			buildConfigurationList = 2734506B27A5682A0071F32B /* Build configuration list for PBXProject "Timestamper" */;
			compatibilityVersion = "Xcode 13.0";
			developmentRegion = en;
			hasScannedForEncodings = 0;
			knownRegions = (
				en,
				Base,
			);
			mainGroup = 2734506727A5682A0071F32B;
			productRefGroup = 2734507127A5682B0071F32B /* Products */;
			projectDirPath = "";
			projectRoot = "";
			targets = (
				2734506F27A5682B0071F32B /* Timestamper */,
			);
		};
/* End PBXProject section */

/* Begin PBXResourcesBuildPhase section */
		2734506E27A5682B0071F32B /* Resources */ = {
			isa = PBXResourcesBuildPhase;
			buildActionMask = 2147483647;
			files = (
				2734507B27A5682C0071F32B /* Preview Assets.xcassets in Resources */,
				2734507827A5682C0071F32B /* Assets.xcassets in Resources */,
			);
			runOnlyForDeploymentPostprocessing = 0;
		};
/* End PBXResourcesBuildPhase section */

/* Begin PBXSourcesBuildPhase section */
		2734506C27A5682B0071F32B /* Sources */ = {
			isa = PBXSourcesBuildPhase;
			buildActionMask = 2147483647;
			files = (
				2734507D27A5682C0071F32B /* Persistence.swift in Sources */,
				2734509D27A6A7FC0071F32B /* StopwatchManager.swift in Sources */,
				2734509F27A6B0B40071F32B /* Functions.swift in Sources */,
				2734509027A568B10071F32B /* EmptyView.swift in Sources */,
				2734509827A5F6880071F32B /* AppView.swift in Sources */,
				2734509A27A5F69C0071F32B /* ItemDetailView.swift in Sources */,
				2734507627A5682B0071F32B /* ContentView.swift in Sources */,
				2734507427A5682B0071F32B /* TimestamperApp.swift in Sources */,
				2734508027A5682C0071F32B /* Timestamper.xcdatamodeld in Sources */,
			);
			runOnlyForDeploymentPostprocessing = 0;
		};
/* End PBXSourcesBuildPhase section */

/* Begin XCBuildConfiguration section */
		2734508227A5682C0071F32B /* Debug */ = {
			isa = XCBuildConfiguration;
			buildSettings = {
				ALWAYS_SEARCH_USER_PATHS = NO;
				CLANG_ANALYZER_NONNULL = YES;
				CLANG_ANALYZER_NUMBER_OBJECT_CONVERSION = YES_AGGRESSIVE;
				CLANG_CXX_LANGUAGE_STANDARD = "gnu++17";
				CLANG_CXX_LIBRARY = "libc++";
				CLANG_ENABLE_MODULES = YES;
				CLANG_ENABLE_OBJC_ARC = YES;
				CLANG_ENABLE_OBJC_WEAK = YES;
				CLANG_WARN_BLOCK_CAPTURE_AUTORELEASING = YES;
				CLANG_WARN_BOOL_CONVERSION = YES;
				CLANG_WARN_COMMA = YES;
				CLANG_WARN_CONSTANT_CONVERSION = YES;
				CLANG_WARN_DEPRECATED_OBJC_IMPLEMENTATIONS = YES;
				CLANG_WARN_DIRECT_OBJC_ISA_USAGE = YES_ERROR;
				CLANG_WARN_DOCUMENTATION_COMMENTS = YES;
				CLANG_WARN_EMPTY_BODY = YES;
				CLANG_WARN_ENUM_CONVERSION = YES;
				CLANG_WARN_INFINITE_RECURSION = YES;
				CLANG_WARN_INT_CONVERSION = YES;
				CLANG_WARN_NON_LITERAL_NULL_CONVERSION = YES;
				CLANG_WARN_OBJC_IMPLICIT_RETAIN_SELF = YES;
				CLANG_WARN_OBJC_LITERAL_CONVERSION = YES;
				CLANG_WARN_OBJC_ROOT_CLASS = YES_ERROR;
				CLANG_WARN_QUOTED_INCLUDE_IN_FRAMEWORK_HEADER = YES;
				CLANG_WARN_RANGE_LOOP_ANALYSIS = YES;
				CLANG_WARN_STRICT_PROTOTYPES = YES;
				CLANG_WARN_SUSPICIOUS_MOVE = YES;
				CLANG_WARN_UNGUARDED_AVAILABILITY = YES_AGGRESSIVE;
				CLANG_WARN_UNREACHABLE_CODE = YES;
				CLANG_WARN__DUPLICATE_METHOD_MATCH = YES;
				COPY_PHASE_STRIP = NO;
				DEBUG_INFORMATION_FORMAT = dwarf;
				ENABLE_STRICT_OBJC_MSGSEND = YES;
				ENABLE_TESTABILITY = YES;
				GCC_C_LANGUAGE_STANDARD = gnu11;
				GCC_DYNAMIC_NO_PIC = NO;
				GCC_NO_COMMON_BLOCKS = YES;
				GCC_OPTIMIZATION_LEVEL = 0;
				GCC_PREPROCESSOR_DEFINITIONS = (
					"DEBUG=1",
					"$(inherited)",
				);
				GCC_WARN_64_TO_32_BIT_CONVERSION = YES;
				GCC_WARN_ABOUT_RETURN_TYPE = YES_ERROR;
				GCC_WARN_UNDECLARED_SELECTOR = YES;
				GCC_WARN_UNINITIALIZED_AUTOS = YES_AGGRESSIVE;
				GCC_WARN_UNUSED_FUNCTION = YES;
				GCC_WARN_UNUSED_VARIABLE = YES;
				MACOSX_DEPLOYMENT_TARGET = 12.0;
				MTL_ENABLE_DEBUG_INFO = INCLUDE_SOURCE;
				MTL_FAST_MATH = YES;
				ONLY_ACTIVE_ARCH = YES;
				SDKROOT = macosx;
				SWIFT_ACTIVE_COMPILATION_CONDITIONS = DEBUG;
				SWIFT_OPTIMIZATION_LEVEL = "-Onone";
			};
			name = Debug;
		};
		2734508327A5682C0071F32B /* Release */ = {
			isa = XCBuildConfiguration;
			buildSettings = {
				ALWAYS_SEARCH_USER_PATHS = NO;
				CLANG_ANALYZER_NONNULL = YES;
				CLANG_ANALYZER_NUMBER_OBJECT_CONVERSION = YES_AGGRESSIVE;
				CLANG_CXX_LANGUAGE_STANDARD = "gnu++17";
				CLANG_CXX_LIBRARY = "libc++";
				CLANG_ENABLE_MODULES = YES;
				CLANG_ENABLE_OBJC_ARC = YES;
				CLANG_ENABLE_OBJC_WEAK = YES;
				CLANG_WARN_BLOCK_CAPTURE_AUTORELEASING = YES;
				CLANG_WARN_BOOL_CONVERSION = YES;
				CLANG_WARN_COMMA = YES;
				CLANG_WARN_CONSTANT_CONVERSION = YES;
				CLANG_WARN_DEPRECATED_OBJC_IMPLEMENTATIONS = YES;
				CLANG_WARN_DIRECT_OBJC_ISA_USAGE = YES_ERROR;
				CLANG_WARN_DOCUMENTATION_COMMENTS = YES;
				CLANG_WARN_EMPTY_BODY = YES;
				CLANG_WARN_ENUM_CONVERSION = YES;
				CLANG_WARN_INFINITE_RECURSION = YES;
				CLANG_WARN_INT_CONVERSION = YES;
				CLANG_WARN_NON_LITERAL_NULL_CONVERSION = YES;
				CLANG_WARN_OBJC_IMPLICIT_RETAIN_SELF = YES;
				CLANG_WARN_OBJC_LITERAL_CONVERSION = YES;
				CLANG_WARN_OBJC_ROOT_CLASS = YES_ERROR;
				CLANG_WARN_QUOTED_INCLUDE_IN_FRAMEWORK_HEADER = YES;
				CLANG_WARN_RANGE_LOOP_ANALYSIS = YES;
				CLANG_WARN_STRICT_PROTOTYPES = YES;
				CLANG_WARN_SUSPICIOUS_MOVE = YES;
				CLANG_WARN_UNGUARDED_AVAILABILITY = YES_AGGRESSIVE;
				CLANG_WARN_UNREACHABLE_CODE = YES;
				CLANG_WARN__DUPLICATE_METHOD_MATCH = YES;
				COPY_PHASE_STRIP = NO;
				DEBUG_INFORMATION_FORMAT = "dwarf-with-dsym";
				ENABLE_NS_ASSERTIONS = NO;
				ENABLE_STRICT_OBJC_MSGSEND = YES;
				GCC_C_LANGUAGE_STANDARD = gnu11;
				GCC_NO_COMMON_BLOCKS = YES;
				GCC_WARN_64_TO_32_BIT_CONVERSION = YES;
				GCC_WARN_ABOUT_RETURN_TYPE = YES_ERROR;
				GCC_WARN_UNDECLARED_SELECTOR = YES;
				GCC_WARN_UNINITIALIZED_AUTOS = YES_AGGRESSIVE;
				GCC_WARN_UNUSED_FUNCTION = YES;
				GCC_WARN_UNUSED_VARIABLE = YES;
				MACOSX_DEPLOYMENT_TARGET = 12.0;
				MTL_ENABLE_DEBUG_INFO = NO;
				MTL_FAST_MATH = YES;
				SDKROOT = macosx;
				SWIFT_COMPILATION_MODE = wholemodule;
				SWIFT_OPTIMIZATION_LEVEL = "-O";
			};
			name = Release;
		};
		2734508527A5682C0071F32B /* Debug */ = {
			isa = XCBuildConfiguration;
			buildSettings = {
				ASSETCATALOG_COMPILER_APPICON_NAME = AppIcon;
				ASSETCATALOG_COMPILER_GLOBAL_ACCENT_COLOR_NAME = AccentColor;
				CODE_SIGN_ENTITLEMENTS = Timestamper/Timestamper.entitlements;
				CODE_SIGN_STYLE = Automatic;
				COMBINE_HIDPI_IMAGES = YES;
				CURRENT_PROJECT_VERSION = 1;
				DEVELOPMENT_ASSET_PATHS = "\"Timestamper/Preview Content\"";
				DEVELOPMENT_TEAM = Y2CV739CMW;
				ENABLE_HARDENED_RUNTIME = YES;
				ENABLE_PREVIEWS = YES;
				GENERATE_INFOPLIST_FILE = YES;
				INFOPLIST_KEY_NSHumanReadableCopyright = "";
				LD_RUNPATH_SEARCH_PATHS = (
					"$(inherited)",
					"@executable_path/../Frameworks",
				);
				MARKETING_VERSION = 1.0;
				PRODUCT_BUNDLE_IDENTIFIER = com.stugreenham.Timestamper;
				PRODUCT_NAME = "$(TARGET_NAME)";
				SWIFT_EMIT_LOC_STRINGS = YES;
				SWIFT_VERSION = 5.0;
			};
			name = Debug;
		};
		2734508627A5682C0071F32B /* Release */ = {
			isa = XCBuildConfiguration;
			buildSettings = {
				ASSETCATALOG_COMPILER_APPICON_NAME = AppIcon;
				ASSETCATALOG_COMPILER_GLOBAL_ACCENT_COLOR_NAME = AccentColor;
				CODE_SIGN_ENTITLEMENTS = Timestamper/Timestamper.entitlements;
				CODE_SIGN_STYLE = Automatic;
				COMBINE_HIDPI_IMAGES = YES;
				CURRENT_PROJECT_VERSION = 1;
				DEVELOPMENT_ASSET_PATHS = "\"Timestamper/Preview Content\"";
				DEVELOPMENT_TEAM = Y2CV739CMW;
				ENABLE_HARDENED_RUNTIME = YES;
				ENABLE_PREVIEWS = YES;
				GENERATE_INFOPLIST_FILE = YES;
				INFOPLIST_KEY_NSHumanReadableCopyright = "";
				LD_RUNPATH_SEARCH_PATHS = (
					"$(inherited)",
					"@executable_path/../Frameworks",
				);
				MARKETING_VERSION = 1.0;
				PRODUCT_BUNDLE_IDENTIFIER = com.stugreenham.Timestamper;
				PRODUCT_NAME = "$(TARGET_NAME)";
				SWIFT_EMIT_LOC_STRINGS = YES;
				SWIFT_VERSION = 5.0;
			};
			name = Release;
		};
/* End XCBuildConfiguration section */

/* Begin XCConfigurationList section */
		2734506B27A5682A0071F32B /* Build configuration list for PBXProject "Timestamper" */ = {
			isa = XCConfigurationList;
			buildConfigurations = (
				2734508227A5682C0071F32B /* Debug */,
				2734508327A5682C0071F32B /* Release */,
			);
			defaultConfigurationIsVisible = 0;
			defaultConfigurationName = Release;
		};
		2734508427A5682C0071F32B /* Build configuration list for PBXNativeTarget "Timestamper" */ = {
			isa = XCConfigurationList;
			buildConfigurations = (
				2734508527A5682C0071F32B /* Debug */,
				2734508627A5682C0071F32B /* Release */,
			);
			defaultConfigurationIsVisible = 0;
			defaultConfigurationName = Release;
		};
/* End XCConfigurationList section */

/* Begin XCVersionGroup section */
		2734507E27A5682C0071F32B /* Timestamper.xcdatamodeld */ = {
			isa = XCVersionGroup;
			children = (
				2734507F27A5682C0071F32B /* Timestamper.xcdatamodel */,
			);
			currentVersion = 2734507F27A5682C0071F32B /* Timestamper.xcdatamodel */;
			path = Timestamper.xcdatamodeld;
			sourceTree = "<group>";
			versionGroupType = wrapper.xcdatamodel;
		};
/* End XCVersionGroup section */
	};
	rootObject = 2734506827A5682A0071F32B /* Project object */;
}
